{
  "name": "coc-bitbake",
  "version": "2.2.0",
  "lockfileVersion": 3,
  "requires": true,
  "packages": {
    "": {
      "name": "coc-bitbake",
      "version": "2.2.0",
      "license": "MIT",
      "workspaces": [
        "src/lib"
      ],
      "dependencies": {
        "find": "^0.2.7",
        "language-server-bitbake": "^2.2.0"
      },
      "devDependencies": {
        "@types/find": "^0.2.2",
        "@types/node": "^20.6.2",
        "coc.nvim": "^0.0.83-next.18",
        "typescript": "^5.3.3"
      },
      "engines": {
        "coc": "^0.0.82"
      }
    },
    "../lib": {
      "name": "vscode-bitbake-lib",
      "version": "1.1.2",
      "extraneous": true,
      "license": "MIT",
      "dependencies": {
        "axios": "^1.6.0"
      },
      "engines": {
        "node": "*"
      }
    },
    "../server": {
      "name": "language-server-bitbake",
      "version": "1.1.2",
      "extraneous": true,
      "license": "MIT",
      "dependencies": {
        "@types/find": "^0.2.2",
        "find": "^0.2.7",
        "vscode-languageserver": "^8.1.0",
        "vscode-languageserver-textdocument": "^1.0.8",
        "web-tree-sitter": "^0.20.8",
        "winston": "^2.4.4"
      },
      "engines": {
        "node": "*"
      }
    },
    "node_modules/@types/find": {
      "version": "0.2.4",
      "resolved": "https://registry.npmjs.org/@types/find/-/find-0.2.4.tgz",
      "integrity": "sha512-8cw1q8jruVOJoojgx8CimvFC4SP+sevnKOifRJTKXsngeWi/md1womzXRBv/LWNCoDEh4U51zc3r8HUAH2QyEg==",
      "dev": true
    },
    "node_modules/@types/node": {
      "version": "20.8.9",
      "dev": true,
      "license": "MIT",
      "dependencies": {
        "undici-types": "~5.26.4"
      }
    },
    "node_modules/coc.nvim": {
      "version": "0.0.83-next.18",
      "resolved": "https://registry.npmjs.org/coc.nvim/-/coc.nvim-0.0.83-next.18.tgz",
      "integrity": "sha512-BZ1a+lnvQ/l7WzoRy97oYubDnYkX+vyAN2GhrKzWMc4d8YujOcOCjaeRv6Ogn7Bvoc5rM9X88CPuOoE0iP1ceQ==",
      "dev": true,
      "engines": {
        "node": ">=16.18.0"
      },
      "funding": {
        "type": "opencollective",
        "url": "https://opencollective.com/cocnvim"
      },
      "peerDependencies": {
        "@types/node": "^16.18.0"
      }
    },
    "node_modules/find": {
      "version": "0.2.9",
      "resolved": "https://registry.npmjs.org/find/-/find-0.2.9.tgz",
      "integrity": "sha512-7a4/LCiInB9xYMnAUEjLilL9FKclwbwK7VlXw+h5jMvT2TDFeYFCHM24O1XdnC/on/hx8mxVO3FTQkyHZnOghQ==",
      "dependencies": {
        "traverse-chain": "~0.1.0"
      }
    },
    "node_modules/language-server-bitbake": {
      "version": "2.2.0",
      "resolved": "https://registry.npmjs.org/language-server-bitbake/-/language-server-bitbake-2.2.0.tgz",
      "integrity": "sha512-OcPa8NBBvPqQ8EWRDkT988TiyeNPNsGhu4+W+UZgUpHHS67bxn7Oo1P7rldRw9QfypNUE9aZS7w8Bo5/ieRxgw==",
      "dependencies": {
        "find": "^0.2.7",
        "vscode-languageserver": "^8.1.0",
        "vscode-languageserver-textdocument": "^1.0.8",
        "web-tree-sitter": "^0.20.8"
      },
      "bin": {
        "language-server-bitbake": "out/server.js"
      },
      "engines": {
        "node": "*"
      }
    },
    "node_modules/traverse-chain": {
      "version": "0.1.0",
      "resolved": "https://registry.npmjs.org/traverse-chain/-/traverse-chain-0.1.0.tgz",
      "integrity": "sha512-up6Yvai4PYKhpNp5PkYtx50m3KbwQrqDwbuZP/ItyL64YEWHAvH6Md83LFLV/GRSk/BoUVwwgUzX6SOQSbsfAg=="
    },
    "node_modules/typescript": {
      "version": "5.4.2",
      "resolved": "https://registry.npmjs.org/typescript/-/typescript-5.4.2.tgz",
      "integrity": "sha512-+2/g0Fds1ERlP6JsakQQDXjZdZMM+rqpamFZJEKh4kwTIn3iDkgKtby0CeNd5ATNZ4Ry1ax15TMx0W2V+miizQ==",
      "dev": true,
      "bin": {
        "tsc": "bin/tsc",
        "tsserver": "bin/tsserver"
      },
      "engines": {
        "node": ">=14.17"
      }
    },
    "node_modules/undici-types": {
      "version": "5.26.5",
      "dev": true,
      "license": "MIT"
    },
    "node_modules/vscode-bitbake-lib": {
      "resolved": "src/lib",
      "link": true
    },
    "node_modules/vscode-jsonrpc": {
      "version": "8.1.0",
      "license": "MIT",
      "engines": {
        "node": ">=14.0.0"
      }
    },
    "node_modules/vscode-languageserver": {
      "version": "8.1.0",
      "resolved": "https://registry.npmjs.org/vscode-languageserver/-/vscode-languageserver-8.1.0.tgz",
      "integrity": "sha512-eUt8f1z2N2IEUDBsKaNapkz7jl5QpskN2Y0G01T/ItMxBxw1fJwvtySGB9QMecatne8jFIWJGWI61dWjyTLQsw==",
      "dependencies": {
        "vscode-languageserver-protocol": "3.17.3"
      },
      "bin": {
        "installServerIntoExtension": "bin/installServerIntoExtension"
      }
    },
    "node_modules/vscode-languageserver-protocol": {
      "version": "3.17.3",
      "license": "MIT",
      "dependencies": {
        "vscode-jsonrpc": "8.1.0",
        "vscode-languageserver-types": "3.17.3"
      }
    },
    "node_modules/vscode-languageserver-textdocument": {
      "version": "1.0.11",
      "resolved": "https://registry.npmjs.org/vscode-languageserver-textdocument/-/vscode-languageserver-textdocument-1.0.11.tgz",
      "integrity": "sha512-X+8T3GoiwTVlJbicx/sIAF+yuJAqz8VvwJyoMVhwEMoEKE/fkDmrqUgDMyBECcM2A2frVZIUj5HI/ErRXCfOeA=="
    },
    "node_modules/vscode-languageserver-types": {
      "version": "3.17.3",
      "license": "MIT"
    },
    "node_modules/web-tree-sitter": {
      "version": "0.20.8",
      "resolved": "https://registry.npmjs.org/web-tree-sitter/-/web-tree-sitter-0.20.8.tgz",
      "integrity": "sha512-weOVgZ3aAARgdnb220GqYuh7+rZU0Ka9k9yfKtGAzEYMa6GgiCzW9JjQRJyCJakvibQW+dfjJdihjInKuuCAUQ=="
    },
    "src/lib": {
      "name": "vscode-bitbake-lib",
      "version": "2.2.0",
      "license": "MIT",
      "engines": {
        "node": "*"
      }
    }
  }
}
